
Microsoft Visual Studio Solution File, Format Version 12.00
# Visual Studio Version 17
VisualStudioVersion = 17.14.36301.6
MinimumVisualStudioVersion = 10.0.40219.1
Project("{8BC9CEB8-8B4A-11D0-8D11-00A0C91BC942}") = "Array", "Array\Array.vcxproj", "{9BEDD2A7-B719-4040-A726-7FF36C431BD2}"
EndProject
Project("{8BC9CEB8-8B4A-11D0-8D11-00A0C91BC942}") = "Vector", "Vector\Vector.vcxproj", "{58F88ADD-3766-4964-B732-20738604B34C}"
EndProject
Project("{8BC9CEB8-8B4A-11D0-8D11-00A0C91BC942}") = "Recursive", "Recursive\Recursive.vcxproj", "{42CBC6E8-7811-44C7-93B4-F344E332DE69}"
EndProject
Project("{8BC9CEB8-8B4A-11D0-8D11-00A0C91BC942}") = "LinkedList", "LinkedList\LinkedList.vcxproj", "{F7FCC14E-1721-49DF-8356-9AD84D4C6724}"
EndProject
Project("{8BC9CEB8-8B4A-11D0-8D11-00A0C91BC942}") = "DoubleLinkedList", "DoubleLinkedList\DoubleLinkedList.vcxproj", "{39FC255D-0AAF-4B77-AAD7-4EB9F106D351}"
EndProject
Project("{8BC9CEB8-8B4A-11D0-8D11-00A0C91BC942}") = "Stack", "Stack\Stack.vcxproj", "{6F88406E-E1F7-49B7-BC1B-45F3BEAB1324}"
EndProject
Project("{8BC9CEB8-8B4A-11D0-8D11-00A0C91BC942}") = "DFS", "DFS\DFS.vcxproj", "{5815D842-600D-47BB-84B7-42905DA22327}"
EndProject
Project("{8BC9CEB8-8B4A-11D0-8D11-00A0C91BC942}") = "BubbleSort", "Random\Random.vcxproj", "{5D2B0AD6-73D8-4127-9E99-30B428EB7ED0}"
EndProject
Project("{8BC9CEB8-8B4A-11D0-8D11-00A0C91BC942}") = "Queue", "Queue\Queue.vcxproj", "{100F0F7B-D2CE-40A7-A831-0762A2273F13}"
EndProject
Project("{8BC9CEB8-8B4A-11D0-8D11-00A0C91BC942}") = "Deque", "Deque\Deque.vcxproj", "{A57B2548-2259-415F-822B-DA72748CA950}"
EndProject
Project("{8BC9CEB8-8B4A-11D0-8D11-00A0C91BC942}") = "HashTable", "HashTable\HashTable.vcxproj", "{CD67A700-B9B1-402E-8039-F0F85E383010}"
EndProject
Project("{8BC9CEB8-8B4A-11D0-8D11-00A0C91BC942}") = "SelectionSort", "SelectionSort\SelectionSort.vcxproj", "{09FA5B1C-A797-40BB-8A77-AFA1AB707414}"
EndProject
Project("{8BC9CEB8-8B4A-11D0-8D11-00A0C91BC942}") = "InsertionSort", "InsertionSort\InsertionSort.vcxproj", "{7FA7060C-DDDE-4D51-8668-2E3C949DC739}"
EndProject
Project("{8BC9CEB8-8B4A-11D0-8D11-00A0C91BC942}") = "QuickSort", "QuickSort\QuickSort.vcxproj", "{C5E4FA3E-1B9C-4922-8E0E-7F45F4BAB4E0}"
EndProject
Project("{8BC9CEB8-8B4A-11D0-8D11-00A0C91BC942}") = "MergeSort", "MergeSort\MergeSort.vcxproj", "{AE7B2B97-F6D2-4FCA-AD09-CAEA74AAC775}"
EndProject
Project("{8BC9CEB8-8B4A-11D0-8D11-00A0C91BC942}") = "Tree", "Tree\Tree.vcxproj", "{31F43C79-9D29-4D5A-9EA6-B402EDF6D7B2}"
EndProject
Project("{8BC9CEB8-8B4A-11D0-8D11-00A0C91BC942}") = "BinaryTree", "BinaryTree\BinaryTree.vcxproj", "{9871FAAC-4128-47A3-AF85-F24F57F72EA4}"
EndProject
Project("{8BC9CEB8-8B4A-11D0-8D11-00A0C91BC942}") = "BinarySearchTree", "BinarySearchTree\BinarySearchTree.vcxproj", "{AE87FC49-57F3-449A-B435-47FBECDF046F}"
EndProject
Project("{8BC9CEB8-8B4A-11D0-8D11-00A0C91BC942}") = "RedBlackTree", "RedBlackTree\RedBlackTree.vcxproj", "{D6DD33D8-F689-4986-98EA-33ABC9177F96}"
EndProject
Project("{8BC9CEB8-8B4A-11D0-8D11-00A0C91BC942}") = "AStar", "Project1\Project1.vcxproj", "{E564E22C-9FC4-46ED-9F58-288BC056490C}"
EndProject
Global
	GlobalSection(SolutionConfigurationPlatforms) = preSolution
		Debug|x64 = Debug|x64
		Debug|x86 = Debug|x86
		Release|x64 = Release|x64
		Release|x86 = Release|x86
	EndGlobalSection
	GlobalSection(ProjectConfigurationPlatforms) = postSolution
		{9BEDD2A7-B719-4040-A726-7FF36C431BD2}.Debug|x64.ActiveCfg = Debug|x64
		{9BEDD2A7-B719-4040-A726-7FF36C431BD2}.Debug|x64.Build.0 = Debug|x64
		{9BEDD2A7-B719-4040-A726-7FF36C431BD2}.Debug|x86.ActiveCfg = Debug|Win32
		{9BEDD2A7-B719-4040-A726-7FF36C431BD2}.Debug|x86.Build.0 = Debug|Win32
		{9BEDD2A7-B719-4040-A726-7FF36C431BD2}.Release|x64.ActiveCfg = Release|x64
		{9BEDD2A7-B719-4040-A726-7FF36C431BD2}.Release|x64.Build.0 = Release|x64
		{9BEDD2A7-B719-4040-A726-7FF36C431BD2}.Release|x86.ActiveCfg = Release|Win32
		{9BEDD2A7-B719-4040-A726-7FF36C431BD2}.Release|x86.Build.0 = Release|Win32
		{58F88ADD-3766-4964-B732-20738604B34C}.Debug|x64.ActiveCfg = Debug|x64
		{58F88ADD-3766-4964-B732-20738604B34C}.Debug|x64.Build.0 = Debug|x64
		{58F88ADD-3766-4964-B732-20738604B34C}.Debug|x86.ActiveCfg = Debug|Win32
		{58F88ADD-3766-4964-B732-20738604B34C}.Debug|x86.Build.0 = Debug|Win32
		{58F88ADD-3766-4964-B732-20738604B34C}.Release|x64.ActiveCfg = Release|x64
		{58F88ADD-3766-4964-B732-20738604B34C}.Release|x64.Build.0 = Release|x64
		{58F88ADD-3766-4964-B732-20738604B34C}.Release|x86.ActiveCfg = Release|Win32
		{58F88ADD-3766-4964-B732-20738604B34C}.Release|x86.Build.0 = Release|Win32
		{42CBC6E8-7811-44C7-93B4-F344E332DE69}.Debug|x64.ActiveCfg = Debug|x64
		{42CBC6E8-7811-44C7-93B4-F344E332DE69}.Debug|x64.Build.0 = Debug|x64
		{42CBC6E8-7811-44C7-93B4-F344E332DE69}.Debug|x86.ActiveCfg = Debug|Win32
		{42CBC6E8-7811-44C7-93B4-F344E332DE69}.Debug|x86.Build.0 = Debug|Win32
		{42CBC6E8-7811-44C7-93B4-F344E332DE69}.Release|x64.ActiveCfg = Release|x64
		{42CBC6E8-7811-44C7-93B4-F344E332DE69}.Release|x64.Build.0 = Release|x64
		{42CBC6E8-7811-44C7-93B4-F344E332DE69}.Release|x86.ActiveCfg = Release|Win32
		{42CBC6E8-7811-44C7-93B4-F344E332DE69}.Release|x86.Build.0 = Release|Win32
		{F7FCC14E-1721-49DF-8356-9AD84D4C6724}.Debug|x64.ActiveCfg = Debug|x64
		{F7FCC14E-1721-49DF-8356-9AD84D4C6724}.Debug|x64.Build.0 = Debug|x64
		{F7FCC14E-1721-49DF-8356-9AD84D4C6724}.Debug|x86.ActiveCfg = Debug|Win32
		{F7FCC14E-1721-49DF-8356-9AD84D4C6724}.Debug|x86.Build.0 = Debug|Win32
		{F7FCC14E-1721-49DF-8356-9AD84D4C6724}.Release|x64.ActiveCfg = Release|x64
		{F7FCC14E-1721-49DF-8356-9AD84D4C6724}.Release|x64.Build.0 = Release|x64
		{F7FCC14E-1721-49DF-8356-9AD84D4C6724}.Release|x86.ActiveCfg = Release|Win32
		{F7FCC14E-1721-49DF-8356-9AD84D4C6724}.Release|x86.Build.0 = Release|Win32
		{39FC255D-0AAF-4B77-AAD7-4EB9F106D351}.Debug|x64.ActiveCfg = Debug|x64
		{39FC255D-0AAF-4B77-AAD7-4EB9F106D351}.Debug|x64.Build.0 = Debug|x64
		{39FC255D-0AAF-4B77-AAD7-4EB9F106D351}.Debug|x86.ActiveCfg = Debug|Win32
		{39FC255D-0AAF-4B77-AAD7-4EB9F106D351}.Debug|x86.Build.0 = Debug|Win32
		{39FC255D-0AAF-4B77-AAD7-4EB9F106D351}.Release|x64.ActiveCfg = Release|x64
		{39FC255D-0AAF-4B77-AAD7-4EB9F106D351}.Release|x64.Build.0 = Release|x64
		{39FC255D-0AAF-4B77-AAD7-4EB9F106D351}.Release|x86.ActiveCfg = Release|Win32
		{39FC255D-0AAF-4B77-AAD7-4EB9F106D351}.Release|x86.Build.0 = Release|Win32
		{6F88406E-E1F7-49B7-BC1B-45F3BEAB1324}.Debug|x64.ActiveCfg = Debug|x64
		{6F88406E-E1F7-49B7-BC1B-45F3BEAB1324}.Debug|x64.Build.0 = Debug|x64
		{6F88406E-E1F7-49B7-BC1B-45F3BEAB1324}.Debug|x86.ActiveCfg = Debug|Win32
		{6F88406E-E1F7-49B7-BC1B-45F3BEAB1324}.Debug|x86.Build.0 = Debug|Win32
		{6F88406E-E1F7-49B7-BC1B-45F3BEAB1324}.Release|x64.ActiveCfg = Release|x64
		{6F88406E-E1F7-49B7-BC1B-45F3BEAB1324}.Release|x64.Build.0 = Release|x64
		{6F88406E-E1F7-49B7-BC1B-45F3BEAB1324}.Release|x86.ActiveCfg = Release|Win32
		{6F88406E-E1F7-49B7-BC1B-45F3BEAB1324}.Release|x86.Build.0 = Release|Win32
		{5815D842-600D-47BB-84B7-42905DA22327}.Debug|x64.ActiveCfg = Debug|x64
		{5815D842-600D-47BB-84B7-42905DA22327}.Debug|x64.Build.0 = Debug|x64
		{5815D842-600D-47BB-84B7-42905DA22327}.Debug|x86.ActiveCfg = Debug|Win32
		{5815D842-600D-47BB-84B7-42905DA22327}.Debug|x86.Build.0 = Debug|Win32
		{5815D842-600D-47BB-84B7-42905DA22327}.Release|x64.ActiveCfg = Release|x64
		{5815D842-600D-47BB-84B7-42905DA22327}.Release|x64.Build.0 = Release|x64
		{5815D842-600D-47BB-84B7-42905DA22327}.Release|x86.ActiveCfg = Release|Win32
		{5815D842-600D-47BB-84B7-42905DA22327}.Release|x86.Build.0 = Release|Win32
		{5D2B0AD6-73D8-4127-9E99-30B428EB7ED0}.Debug|x64.ActiveCfg = Debug|x64
		{5D2B0AD6-73D8-4127-9E99-30B428EB7ED0}.Debug|x64.Build.0 = Debug|x64
		{5D2B0AD6-73D8-4127-9E99-30B428EB7ED0}.Debug|x86.ActiveCfg = Debug|Win32
		{5D2B0AD6-73D8-4127-9E99-30B428EB7ED0}.Debug|x86.Build.0 = Debug|Win32
		{5D2B0AD6-73D8-4127-9E99-30B428EB7ED0}.Release|x64.ActiveCfg = Release|x64
		{5D2B0AD6-73D8-4127-9E99-30B428EB7ED0}.Release|x64.Build.0 = Release|x64
		{5D2B0AD6-73D8-4127-9E99-30B428EB7ED0}.Release|x86.ActiveCfg = Release|Win32
		{5D2B0AD6-73D8-4127-9E99-30B428EB7ED0}.Release|x86.Build.0 = Release|Win32
		{100F0F7B-D2CE-40A7-A831-0762A2273F13}.Debug|x64.ActiveCfg = Debug|x64
		{100F0F7B-D2CE-40A7-A831-0762A2273F13}.Debug|x64.Build.0 = Debug|x64
		{100F0F7B-D2CE-40A7-A831-0762A2273F13}.Debug|x86.ActiveCfg = Debug|Win32
		{100F0F7B-D2CE-40A7-A831-0762A2273F13}.Debug|x86.Build.0 = Debug|Win32
		{100F0F7B-D2CE-40A7-A831-0762A2273F13}.Release|x64.ActiveCfg = Release|x64
		{100F0F7B-D2CE-40A7-A831-0762A2273F13}.Release|x64.Build.0 = Release|x64
		{100F0F7B-D2CE-40A7-A831-0762A2273F13}.Release|x86.ActiveCfg = Release|Win32
		{100F0F7B-D2CE-40A7-A831-0762A2273F13}.Release|x86.Build.0 = Release|Win32
		{A57B2548-2259-415F-822B-DA72748CA950}.Debug|x64.ActiveCfg = Debug|x64
		{A57B2548-2259-415F-822B-DA72748CA950}.Debug|x64.Build.0 = Debug|x64
		{A57B2548-2259-415F-822B-DA72748CA950}.Debug|x86.ActiveCfg = Debug|Win32
		{A57B2548-2259-415F-822B-DA72748CA950}.Debug|x86.Build.0 = Debug|Win32
		{A57B2548-2259-415F-822B-DA72748CA950}.Release|x64.ActiveCfg = Release|x64
		{A57B2548-2259-415F-822B-DA72748CA950}.Release|x64.Build.0 = Release|x64
		{A57B2548-2259-415F-822B-DA72748CA950}.Release|x86.ActiveCfg = Release|Win32
		{A57B2548-2259-415F-822B-DA72748CA950}.Release|x86.Build.0 = Release|Win32
		{CD67A700-B9B1-402E-8039-F0F85E383010}.Debug|x64.ActiveCfg = Debug|x64
		{CD67A700-B9B1-402E-8039-F0F85E383010}.Debug|x64.Build.0 = Debug|x64
		{CD67A700-B9B1-402E-8039-F0F85E383010}.Debug|x86.ActiveCfg = Debug|Win32
		{CD67A700-B9B1-402E-8039-F0F85E383010}.Debug|x86.Build.0 = Debug|Win32
		{CD67A700-B9B1-402E-8039-F0F85E383010}.Release|x64.ActiveCfg = Release|x64
		{CD67A700-B9B1-402E-8039-F0F85E383010}.Release|x64.Build.0 = Release|x64
		{CD67A700-B9B1-402E-8039-F0F85E383010}.Release|x86.ActiveCfg = Release|Win32
		{CD67A700-B9B1-402E-8039-F0F85E383010}.Release|x86.Build.0 = Release|Win32
		{09FA5B1C-A797-40BB-8A77-AFA1AB707414}.Debug|x64.ActiveCfg = Debug|x64
		{09FA5B1C-A797-40BB-8A77-AFA1AB707414}.Debug|x64.Build.0 = Debug|x64
		{09FA5B1C-A797-40BB-8A77-AFA1AB707414}.Debug|x86.ActiveCfg = Debug|Win32
		{09FA5B1C-A797-40BB-8A77-AFA1AB707414}.Debug|x86.Build.0 = Debug|Win32
		{09FA5B1C-A797-40BB-8A77-AFA1AB707414}.Release|x64.ActiveCfg = Release|x64
		{09FA5B1C-A797-40BB-8A77-AFA1AB707414}.Release|x64.Build.0 = Release|x64
		{09FA5B1C-A797-40BB-8A77-AFA1AB707414}.Release|x86.ActiveCfg = Release|Win32
		{09FA5B1C-A797-40BB-8A77-AFA1AB707414}.Release|x86.Build.0 = Release|Win32
		{7FA7060C-DDDE-4D51-8668-2E3C949DC739}.Debug|x64.ActiveCfg = Debug|x64
		{7FA7060C-DDDE-4D51-8668-2E3C949DC739}.Debug|x64.Build.0 = Debug|x64
		{7FA7060C-DDDE-4D51-8668-2E3C949DC739}.Debug|x86.ActiveCfg = Debug|Win32
		{7FA7060C-DDDE-4D51-8668-2E3C949DC739}.Debug|x86.Build.0 = Debug|Win32
		{7FA7060C-DDDE-4D51-8668-2E3C949DC739}.Release|x64.ActiveCfg = Release|x64
		{7FA7060C-DDDE-4D51-8668-2E3C949DC739}.Release|x64.Build.0 = Release|x64
		{7FA7060C-DDDE-4D51-8668-2E3C949DC739}.Release|x86.ActiveCfg = Release|Win32
		{7FA7060C-DDDE-4D51-8668-2E3C949DC739}.Release|x86.Build.0 = Release|Win32
		{C5E4FA3E-1B9C-4922-8E0E-7F45F4BAB4E0}.Debug|x64.ActiveCfg = Debug|x64
		{C5E4FA3E-1B9C-4922-8E0E-7F45F4BAB4E0}.Debug|x64.Build.0 = Debug|x64
		{C5E4FA3E-1B9C-4922-8E0E-7F45F4BAB4E0}.Debug|x86.ActiveCfg = Debug|Win32
		{C5E4FA3E-1B9C-4922-8E0E-7F45F4BAB4E0}.Debug|x86.Build.0 = Debug|Win32
		{C5E4FA3E-1B9C-4922-8E0E-7F45F4BAB4E0}.Release|x64.ActiveCfg = Release|x64
		{C5E4FA3E-1B9C-4922-8E0E-7F45F4BAB4E0}.Release|x64.Build.0 = Release|x64
		{C5E4FA3E-1B9C-4922-8E0E-7F45F4BAB4E0}.Release|x86.ActiveCfg = Release|Win32
		{C5E4FA3E-1B9C-4922-8E0E-7F45F4BAB4E0}.Release|x86.Build.0 = Release|Win32
		{AE7B2B97-F6D2-4FCA-AD09-CAEA74AAC775}.Debug|x64.ActiveCfg = Debug|x64
		{AE7B2B97-F6D2-4FCA-AD09-CAEA74AAC775}.Debug|x64.Build.0 = Debug|x64
		{AE7B2B97-F6D2-4FCA-AD09-CAEA74AAC775}.Debug|x86.ActiveCfg = Debug|Win32
		{AE7B2B97-F6D2-4FCA-AD09-CAEA74AAC775}.Debug|x86.Build.0 = Debug|Win32
		{AE7B2B97-F6D2-4FCA-AD09-CAEA74AAC775}.Release|x64.ActiveCfg = Release|x64
		{AE7B2B97-F6D2-4FCA-AD09-CAEA74AAC775}.Release|x64.Build.0 = Release|x64
		{AE7B2B97-F6D2-4FCA-AD09-CAEA74AAC775}.Release|x86.ActiveCfg = Release|Win32
		{AE7B2B97-F6D2-4FCA-AD09-CAEA74AAC775}.Release|x86.Build.0 = Release|Win32
		{31F43C79-9D29-4D5A-9EA6-B402EDF6D7B2}.Debug|x64.ActiveCfg = Debug|x64
		{31F43C79-9D29-4D5A-9EA6-B402EDF6D7B2}.Debug|x64.Build.0 = Debug|x64
		{31F43C79-9D29-4D5A-9EA6-B402EDF6D7B2}.Debug|x86.ActiveCfg = Debug|Win32
		{31F43C79-9D29-4D5A-9EA6-B402EDF6D7B2}.Debug|x86.Build.0 = Debug|Win32
		{31F43C79-9D29-4D5A-9EA6-B402EDF6D7B2}.Release|x64.ActiveCfg = Release|x64
		{31F43C79-9D29-4D5A-9EA6-B402EDF6D7B2}.Release|x64.Build.0 = Release|x64
		{31F43C79-9D29-4D5A-9EA6-B402EDF6D7B2}.Release|x86.ActiveCfg = Release|Win32
		{31F43C79-9D29-4D5A-9EA6-B402EDF6D7B2}.Release|x86.Build.0 = Release|Win32
		{9871FAAC-4128-47A3-AF85-F24F57F72EA4}.Debug|x64.ActiveCfg = Debug|x64
		{9871FAAC-4128-47A3-AF85-F24F57F72EA4}.Debug|x64.Build.0 = Debug|x64
		{9871FAAC-4128-47A3-AF85-F24F57F72EA4}.Debug|x86.ActiveCfg = Debug|Win32
		{9871FAAC-4128-47A3-AF85-F24F57F72EA4}.Debug|x86.Build.0 = Debug|Win32
		{9871FAAC-4128-47A3-AF85-F24F57F72EA4}.Release|x64.ActiveCfg = Release|x64
		{9871FAAC-4128-47A3-AF85-F24F57F72EA4}.Release|x64.Build.0 = Release|x64
		{9871FAAC-4128-47A3-AF85-F24F57F72EA4}.Release|x86.ActiveCfg = Release|Win32
		{9871FAAC-4128-47A3-AF85-F24F57F72EA4}.Release|x86.Build.0 = Release|Win32
		{AE87FC49-57F3-449A-B435-47FBECDF046F}.Debug|x64.ActiveCfg = Debug|x64
		{AE87FC49-57F3-449A-B435-47FBECDF046F}.Debug|x64.Build.0 = Debug|x64
		{AE87FC49-57F3-449A-B435-47FBECDF046F}.Debug|x86.ActiveCfg = Debug|Win32
		{AE87FC49-57F3-449A-B435-47FBECDF046F}.Debug|x86.Build.0 = Debug|Win32
		{AE87FC49-57F3-449A-B435-47FBECDF046F}.Release|x64.ActiveCfg = Release|x64
		{AE87FC49-57F3-449A-B435-47FBECDF046F}.Release|x64.Build.0 = Release|x64
		{AE87FC49-57F3-449A-B435-47FBECDF046F}.Release|x86.ActiveCfg = Release|Win32
		{AE87FC49-57F3-449A-B435-47FBECDF046F}.Release|x86.Build.0 = Release|Win32
		{D6DD33D8-F689-4986-98EA-33ABC9177F96}.Debug|x64.ActiveCfg = Debug|x64
		{D6DD33D8-F689-4986-98EA-33ABC9177F96}.Debug|x64.Build.0 = Debug|x64
		{D6DD33D8-F689-4986-98EA-33ABC9177F96}.Debug|x86.ActiveCfg = Debug|Win32
		{D6DD33D8-F689-4986-98EA-33ABC9177F96}.Debug|x86.Build.0 = Debug|Win32
		{D6DD33D8-F689-4986-98EA-33ABC9177F96}.Release|x64.ActiveCfg = Release|x64
		{D6DD33D8-F689-4986-98EA-33ABC9177F96}.Release|x64.Build.0 = Release|x64
		{D6DD33D8-F689-4986-98EA-33ABC9177F96}.Release|x86.ActiveCfg = Release|Win32
		{D6DD33D8-F689-4986-98EA-33ABC9177F96}.Release|x86.Build.0 = Release|Win32
		{E564E22C-9FC4-46ED-9F58-288BC056490C}.Debug|x64.ActiveCfg = Debug|x64
		{E564E22C-9FC4-46ED-9F58-288BC056490C}.Debug|x64.Build.0 = Debug|x64
		{E564E22C-9FC4-46ED-9F58-288BC056490C}.Debug|x86.ActiveCfg = Debug|Win32
		{E564E22C-9FC4-46ED-9F58-288BC056490C}.Debug|x86.Build.0 = Debug|Win32
		{E564E22C-9FC4-46ED-9F58-288BC056490C}.Release|x64.ActiveCfg = Release|x64
		{E564E22C-9FC4-46ED-9F58-288BC056490C}.Release|x64.Build.0 = Release|x64
		{E564E22C-9FC4-46ED-9F58-288BC056490C}.Release|x86.ActiveCfg = Release|Win32
		{E564E22C-9FC4-46ED-9F58-288BC056490C}.Release|x86.Build.0 = Release|Win32
	EndGlobalSection
	GlobalSection(SolutionProperties) = preSolution
		HideSolutionNode = FALSE
	EndGlobalSection
	GlobalSection(ExtensibilityGlobals) = postSolution
		SolutionGuid = {93223B60-858B-4A62-9340-DD0C396EA31B}
	EndGlobalSection
EndGlobal
